version = 1
revision = 3
requires-python = ">=3.13"

[[package]]
name = "argcomplete"
version = "3.6.2"
source = { registry = "https://pypi.org/simple" }
sdist = { url = "https://files.pythonhosted.org/packages/16/0f/861e168fc813c56a78b35f3c30d91c6757d1fd185af1110f1aec784b35d0/argcomplete-3.6.2.tar.gz", hash = "sha256:d0519b1bc867f5f4f4713c41ad0aba73a4a5f007449716b16f385f2166dc6adf", size = 73403, upload-time = "2025-04-03T04:57:03.52Z" }
wheels = [
    { url = "https://files.pythonhosted.org/packages/31/da/e42d7a9d8dd33fa775f467e4028a47936da2f01e4b0e561f9ba0d74cb0ca/argcomplete-3.6.2-py3-none-any.whl", hash = "sha256:65b3133a29ad53fb42c48cf5114752c7ab66c1c38544fdf6460f450c09b42591", size = 43708, upload-time = "2025-04-03T04:57:01.591Z" },
]

[[package]]
name = "astor"
version = "0.8.1"
source = { registry = "https://pypi.org/simple" }
sdist = { url = "https://files.pythonhosted.org/packages/5a/21/75b771132fee241dfe601d39ade629548a9626d1d39f333fde31bc46febe/astor-0.8.1.tar.gz", hash = "sha256:6a6effda93f4e1ce9f618779b2dd1d9d84f1e32812c23a29b3fff6fd7f63fa5e", size = 35090, upload-time = "2019-12-10T01:50:35.51Z" }
wheels = [
    { url = "https://files.pythonhosted.org/packages/c3/88/97eef84f48fa04fbd6750e62dcceafba6c63c81b7ac1420856c8dcc0a3f9/astor-0.8.1-py2.py3-none-any.whl", hash = "sha256:070a54e890cefb5b3739d19f30f5a5ec840ffc9c50ffa7d23cc9fc1a38ebbfc5", size = 27488, upload-time = "2019-12-10T01:50:33.628Z" },
]

[[package]]
name = "asttokens"
version = "3.0.0"
source = { registry = "https://pypi.org/simple" }
sdist = { url = "https://files.pythonhosted.org/packages/4a/e7/82da0a03e7ba5141f05cce0d302e6eed121ae055e0456ca228bf693984bc/asttokens-3.0.0.tar.gz", hash = "sha256:0dcd8baa8d62b0c1d118b399b2ddba3c4aff271d0d7a9e0d4c1681c79035bbc7", size = 61978, upload-time = "2024-11-30T04:30:14.439Z" }
wheels = [
    { url = "https://files.pythonhosted.org/packages/25/8a/c46dcc25341b5bce5472c718902eb3d38600a903b14fa6aeecef3f21a46f/asttokens-3.0.0-py3-none-any.whl", hash = "sha256:e3078351a059199dd5138cb1c706e6430c05eff2ff136af5eb4790f9d28932e2", size = 26918, upload-time = "2024-11-30T04:30:10.946Z" },
]

[[package]]
name = "colorama"
version = "0.4.6"
source = { registry = "https://pypi.org/simple" }
sdist = { url = "https://files.pythonhosted.org/packages/d8/53/6f443c9a4a8358a93a6792e2acffb9d9d5cb0a5cfd8802644b7b1c9a02e4/colorama-0.4.6.tar.gz", hash = "sha256:08695f5cb7ed6e0531a20572697297273c47b8cae5a63ffc6d6ed5c201be6e44", size = 27697, upload-time = "2022-10-25T02:36:22.414Z" }
wheels = [
    { url = "https://files.pythonhosted.org/packages/d1/d6/3965ed04c63042e047cb6a3e6ed1a63a35087b6a609aa3a15ed8ac56c221/colorama-0.4.6-py2.py3-none-any.whl", hash = "sha256:4f1d9991f5acc0ca119f9d443620b77f9d6b33703e51011c16baf57afb285fc6", size = 25335, upload-time = "2022-10-25T02:36:20.889Z" },
]

[[package]]
name = "defopt"
version = "7.0.0"
source = { registry = "https://pypi.org/simple" }
dependencies = [
    { name = "colorama", marker = "sys_platform == 'win32'" },
    { name = "docutils" },
    { name = "sphinxcontrib-napoleon" },
]
sdist = { url = "https://files.pythonhosted.org/packages/3a/53/89e5eaa8e775cef5b66254365f51c389ca167b0fa96713b722824708b720/defopt-7.0.0.tar.gz", hash = "sha256:d7ac98810005880717e1df62527fd35dfe083f551b6d4fb5da0b25f608e8ef4c", size = 44527, upload-time = "2025-06-15T21:42:35.073Z" }
wheels = [
    { url = "https://files.pythonhosted.org/packages/ec/be/03e94203daf8653bb402936820ac762064b4ef6079daab47581506c187c7/defopt-7.0.0-py3-none-any.whl", hash = "sha256:88b6747561d803e3fc020b9080fd0aa6a300927f64167c76d95544495f1a8307", size = 17795, upload-time = "2025-06-19T06:48:48.835Z" },
]

[[package]]
name = "diskcache"
version = "5.6.3"
source = { registry = "https://pypi.org/simple" }
sdist = { url = "https://files.pythonhosted.org/packages/3f/21/1c1ffc1a039ddcc459db43cc108658f32c57d271d7289a2794e401d0fdb6/diskcache-5.6.3.tar.gz", hash = "sha256:2c3a3fa2743d8535d832ec61c2054a1641f41775aa7c556758a109941e33e4fc", size = 67916, upload-time = "2023-08-31T06:12:00.316Z" }
wheels = [
    { url = "https://files.pythonhosted.org/packages/3f/27/4570e78fc0bf5ea0ca45eb1de3818a23787af9b390c0b0a0033a1b8236f9/diskcache-5.6.3-py3-none-any.whl", hash = "sha256:5e31b2d5fbad117cc363ebaf6b689474db18a1f6438bc82358b024abd4c2ca19", size = 45550, upload-time = "2023-08-31T06:11:58.822Z" },
]

[[package]]
name = "docutils"
version = "0.22"
source = { registry = "https://pypi.org/simple" }
sdist = { url = "https://files.pythonhosted.org/packages/e9/86/5b41c32ecedcfdb4c77b28b6cb14234f252075f8cdb254531727a35547dd/docutils-0.22.tar.gz", hash = "sha256:ba9d57750e92331ebe7c08a1bbf7a7f8143b86c476acd51528b042216a6aad0f", size = 2277984, upload-time = "2025-07-29T15:20:31.06Z" }
wheels = [
    { url = "https://files.pythonhosted.org/packages/44/57/8db39bc5f98f042e0153b1de9fb88e1a409a33cda4dd7f723c2ed71e01f6/docutils-0.22-py3-none-any.whl", hash = "sha256:4ed966a0e96a0477d852f7af31bdcb3adc049fbb35ccba358c2ea8a03287615e", size = 630709, upload-time = "2025-07-29T15:20:28.335Z" },
]

[[package]]
name = "iniconfig"
version = "2.1.0"
source = { registry = "https://pypi.org/simple" }
sdist = { url = "https://files.pythonhosted.org/packages/f2/97/ebf4da567aa6827c909642694d71c9fcf53e5b504f2d96afea02718862f3/iniconfig-2.1.0.tar.gz", hash = "sha256:3abbd2e30b36733fee78f9c7f7308f2d0050e88f0087fd25c2645f63c773e1c7", size = 4793, upload-time = "2025-03-19T20:09:59.721Z" }
wheels = [
    { url = "https://files.pythonhosted.org/packages/2c/e1/e6716421ea10d38022b952c159d5161ca1193197fb744506875fbb87ea7b/iniconfig-2.1.0-py3-none-any.whl", hash = "sha256:9deba5723312380e77435581c6bf4935c94cbfab9b1ed33ef8d238ea168eb760", size = 6050, upload-time = "2025-03-19T20:10:01.071Z" },
]

[[package]]
name = "mvdef"
version = "0.9.4"
source = { registry = "https://pypi.org/simple" }
dependencies = [
    { name = "argcomplete" },
    { name = "astor" },
    { name = "asttokens" },
    { name = "defopt" },
    { name = "pyflakes" },
]
sdist = { url = "https://files.pythonhosted.org/packages/74/2a/fd7d63bdd6e375e6d42dfba5717dbd167edcea69085a0e3a91b169f0cf3a/mvdef-0.9.4.tar.gz", hash = "sha256:1f7ed65276eecb6a448aace12932dfd74b2bd72e1c95f03a30a529fac985d25f", size = 411231, upload-time = "2024-03-03T16:44:30.434Z" }
wheels = [
    { url = "https://files.pythonhosted.org/packages/d9/d9/98817d1d0eba6ff97bba0c1d035dcb3cd69b25307d3adae6d1249c1ca131/mvdef-0.9.4-py3-none-any.whl", hash = "sha256:e17fe8ad1a182da281585e62577b127037d59c22757134169b52011cd73df048", size = 410141, upload-time = "2024-03-03T16:44:28.239Z" },
]

[[package]]
name = "packaging"
version = "25.0"
source = { registry = "https://pypi.org/simple" }
sdist = { url = "https://files.pythonhosted.org/packages/a1/d4/1fc4078c65507b51b96ca8f8c3ba19e6a61c8253c72794544580a7b6c24d/packaging-25.0.tar.gz", hash = "sha256:d443872c98d677bf60f6a1f2f8c1cb748e8fe762d2bf9d3148b5599295b0fc4f", size = 165727, upload-time = "2025-04-19T11:48:59.673Z" }
wheels = [
    { url = "https://files.pythonhosted.org/packages/20/12/38679034af332785aac8774540895e234f4d07f7545804097de4b666afd8/packaging-25.0-py3-none-any.whl", hash = "sha256:29572ef2b1f17581046b3a2227d5c611fb25ec70ca1ba8554b24b0e69331a484", size = 66469, upload-time = "2025-04-19T11:48:57.875Z" },
]

[[package]]
name = "pluggy"
version = "1.6.0"
source = { registry = "https://pypi.org/simple" }
sdist = { url = "https://files.pythonhosted.org/packages/f9/e2/3e91f31a7d2b083fe6ef3fa267035b518369d9511ffab804f839851d2779/pluggy-1.6.0.tar.gz", hash = "sha256:7dcc130b76258d33b90f61b658791dede3486c3e6bfb003ee5c9bfb396dd22f3", size = 69412, upload-time = "2025-05-15T12:30:07.975Z" }
wheels = [
    { url = "https://files.pythonhosted.org/packages/54/20/4d324d65cc6d9205fabedc306948156824eb9f0ee1633355a8f7ec5c66bf/pluggy-1.6.0-py3-none-any.whl", hash = "sha256:e920276dd6813095e9377c0bc5566d94c932c33b27a3e3945d8389c374dd4746", size = 20538, upload-time = "2025-05-15T12:30:06.134Z" },
]

[[package]]
name = "pockets"
version = "0.9.1"
source = { registry = "https://pypi.org/simple" }
dependencies = [
    { name = "six" },
]
sdist = { url = "https://files.pythonhosted.org/packages/df/8e/0601097cfcce2e8c2297db5080e9719f549c2bd4b94420ddc8d3f848bbca/pockets-0.9.1.tar.gz", hash = "sha256:9320f1a3c6f7a9133fe3b571f283bcf3353cd70249025ae8d618e40e9f7e92b3", size = 24993, upload-time = "2019-11-02T14:46:19.433Z" }
wheels = [
    { url = "https://files.pythonhosted.org/packages/e9/2f/a4583c70fbd8cd04910e2884bcc2bdd670e884061f7b4d70bc13e632a993/pockets-0.9.1-py2.py3-none-any.whl", hash = "sha256:68597934193c08a08eb2bf6a1d85593f627c22f9b065cc727a4f03f669d96d86", size = 26263, upload-time = "2019-11-02T14:46:17.814Z" },
]

[[package]]
name = "polars"
version = "1.32.2"
source = { registry = "https://pypi.org/simple" }
sdist = { url = "https://files.pythonhosted.org/packages/8a/07/7864688644139b1bc198c36e34e81581ec76c8d20ae57c4879914786b2a1/polars-1.32.2.tar.gz", hash = "sha256:b4c5cefc7cf7a2461f8800cf2c09976c47cb1fd959c6ef3024d5618b497f05d3", size = 4788876, upload-time = "2025-08-07T10:51:16.587Z" }
wheels = [
    { url = "https://files.pythonhosted.org/packages/f5/61/b251ce6755d0d3c6f4c8cb245941b80901624fce7efeb95b37c170da2565/polars-1.32.2-cp39-abi3-macosx_10_12_x86_64.whl", hash = "sha256:f21da6a5210898ec800b7e9e667fb53eb9161b7ceb812ee6555ff5661a00e517", size = 37770199, upload-time = "2025-08-07T10:50:05.627Z" },
    { url = "https://files.pythonhosted.org/packages/22/74/ea073a88073cd6025b12850484f51d30dad695b51432a3f0a0439e2f8094/polars-1.32.2-cp39-abi3-macosx_11_0_arm64.whl", hash = "sha256:d3f4e061312ef6c2a907378ce407a6132734fe1a13f261a1984a1a9ca2f6febc", size = 34461798, upload-time = "2025-08-07T10:50:10.452Z" },
    { url = "https://files.pythonhosted.org/packages/ec/14/ee34ebe3eb842c83ca1d2d3af6ee02b08377e056ffad156c9a2b15a6d05c/polars-1.32.2-cp39-abi3-manylinux_2_17_x86_64.manylinux2014_x86_64.whl", hash = "sha256:a711a750cfc19f1f883d2b46895dd698abf4d446ca41c3bf510ced0ff1178057", size = 38280883, upload-time = "2025-08-07T10:50:14.168Z" },
    { url = "https://files.pythonhosted.org/packages/af/ed/0f5ab777b0dc95936074266bc6fd9cf117886ebdd6685589437edfdbb186/polars-1.32.2-cp39-abi3-manylinux_2_24_aarch64.whl", hash = "sha256:d1c53a828eedc215fb0dabc7cef02c6f4ad042157512ddb99840fd42b8da1e8a", size = 35490843, upload-time = "2025-08-07T10:50:18.325Z" },
    { url = "https://files.pythonhosted.org/packages/91/58/d2840554ef1c69e06a28ee928bdaa0d6a61af12205ff24c096628f217f99/polars-1.32.2-cp39-abi3-win_amd64.whl", hash = "sha256:5e1660a584e89e1d60cd89984feca38a695e491a966581fefe8be99c230ea154", size = 37897347, upload-time = "2025-08-07T10:50:22.247Z" },
    { url = "https://files.pythonhosted.org/packages/b8/53/4eaaa4f219add46594db21a05a9a5629ec6af20bd859a90668d5a1448abc/polars-1.32.2-cp39-abi3-win_arm64.whl", hash = "sha256:cd390364f6f3927474bd0aed255103195b9d2b3eef0f0c5bb429db5e6311615e", size = 34059100, upload-time = "2025-08-07T10:50:26.445Z" },
]

[[package]]
name = "polars-diskcache"
version = "0.1.4"
source = { editable = "." }
dependencies = [
    { name = "diskcache" },
    { name = "ty-extensions" },
    { name = "xxhash" },
]

[package.dev-dependencies]
debug = [
    { name = "pysnooper" },
]
dev = [
    { name = "polars" },
]
devex = [
    { name = "mvdef" },
]
test = [
    { name = "pytest" },
]

[package.metadata]
requires-dist = [
    { name = "diskcache", specifier = ">=5.6.3" },
    { name = "ty-extensions", specifier = ">=0.1.0" },
    { name = "xxhash", specifier = ">=3.5.0" },
]

[package.metadata.requires-dev]
debug = [{ name = "pysnooper", specifier = ">=1.2.3" }]
dev = [{ name = "polars", specifier = ">=1.32.2" }]
devex = [{ name = "mvdef", specifier = ">=0.9.4" }]
test = [{ name = "pytest", specifier = ">=8.4.1" }]

[[package]]
name = "pyflakes"
version = "3.4.0"
source = { registry = "https://pypi.org/simple" }
sdist = { url = "https://files.pythonhosted.org/packages/45/dc/fd034dc20b4b264b3d015808458391acbf9df40b1e54750ef175d39180b1/pyflakes-3.4.0.tar.gz", hash = "sha256:b24f96fafb7d2ab0ec5075b7350b3d2d2218eab42003821c06344973d3ea2f58", size = 64669, upload-time = "2025-06-20T18:45:27.834Z" }
wheels = [
    { url = "https://files.pythonhosted.org/packages/c2/2f/81d580a0fb83baeb066698975cb14a618bdbed7720678566f1b046a95fe8/pyflakes-3.4.0-py2.py3-none-any.whl", hash = "sha256:f742a7dbd0d9cb9ea41e9a24a918996e8170c799fa528688d40dd582c8265f4f", size = 63551, upload-time = "2025-06-20T18:45:26.937Z" },
]

[[package]]
name = "pygments"
version = "2.19.2"
source = { registry = "https://pypi.org/simple" }
sdist = { url = "https://files.pythonhosted.org/packages/b0/77/a5b8c569bf593b0140bde72ea885a803b82086995367bf2037de0159d924/pygments-2.19.2.tar.gz", hash = "sha256:636cb2477cec7f8952536970bc533bc43743542f70392ae026374600add5b887", size = 4968631, upload-time = "2025-06-21T13:39:12.283Z" }
wheels = [
    { url = "https://files.pythonhosted.org/packages/c7/21/705964c7812476f378728bdf590ca4b771ec72385c533964653c68e86bdc/pygments-2.19.2-py3-none-any.whl", hash = "sha256:86540386c03d588bb81d44bc3928634ff26449851e99741617ecb9037ee5ec0b", size = 1225217, upload-time = "2025-06-21T13:39:07.939Z" },
]

[[package]]
name = "pysnooper"
version = "1.2.3"
source = { registry = "https://pypi.org/simple" }
sdist = { url = "https://files.pythonhosted.org/packages/d2/4a/be3c144f58de6b78911c417cc4a3b3fe5eb6d13cae4c12daf3ca17a8d473/pysnooper-1.2.3.tar.gz", hash = "sha256:1fa1425444a7af45108aaed860b5ca8b62b25bba25b0b037c059ba353d8f1e74", size = 46283, upload-time = "2025-05-31T23:22:46.786Z" }
wheels = [
    { url = "https://files.pythonhosted.org/packages/69/87/df62c8a998216e6749b67d548dae0967906036c61457510ef49667927c49/PySnooper-1.2.3-py2.py3-none-any.whl", hash = "sha256:546372f0e72da89f8d1b89e758b7c05a478d65288569a1ca2cc1620e7b1b1944", size = 15086, upload-time = "2025-05-31T23:22:45.745Z" },
]

[[package]]
name = "pytest"
version = "8.4.1"
source = { registry = "https://pypi.org/simple" }
dependencies = [
    { name = "colorama", marker = "sys_platform == 'win32'" },
    { name = "iniconfig" },
    { name = "packaging" },
    { name = "pluggy" },
    { name = "pygments" },
]
sdist = { url = "https://files.pythonhosted.org/packages/08/ba/45911d754e8eba3d5a841a5ce61a65a685ff1798421ac054f85aa8747dfb/pytest-8.4.1.tar.gz", hash = "sha256:7c67fd69174877359ed9371ec3af8a3d2b04741818c51e5e99cc1742251fa93c", size = 1517714, upload-time = "2025-06-18T05:48:06.109Z" }
wheels = [
    { url = "https://files.pythonhosted.org/packages/29/16/c8a903f4c4dffe7a12843191437d7cd8e32751d5de349d45d3fe69544e87/pytest-8.4.1-py3-none-any.whl", hash = "sha256:539c70ba6fcead8e78eebbf1115e8b589e7565830d7d006a8723f19ac8a0afb7", size = 365474, upload-time = "2025-06-18T05:48:03.955Z" },
]

[[package]]
name = "six"
version = "1.17.0"
source = { registry = "https://pypi.org/simple" }
sdist = { url = "https://files.pythonhosted.org/packages/94/e7/b2c673351809dca68a0e064b6af791aa332cf192da575fd474ed7d6f16a2/six-1.17.0.tar.gz", hash = "sha256:ff70335d468e7eb6ec65b95b99d3a2836546063f63acc5171de367e834932a81", size = 34031, upload-time = "2024-12-04T17:35:28.174Z" }
wheels = [
    { url = "https://files.pythonhosted.org/packages/b7/ce/149a00dd41f10bc29e5921b496af8b574d8413afcd5e30dfa0ed46c2cc5e/six-1.17.0-py2.py3-none-any.whl", hash = "sha256:4721f391ed90541fddacab5acf947aa0d3dc7d27b2e1e8eda2be8970586c3274", size = 11050, upload-time = "2024-12-04T17:35:26.475Z" },
]

[[package]]
name = "sphinxcontrib-napoleon"
version = "0.7"
source = { registry = "https://pypi.org/simple" }
dependencies = [
    { name = "pockets" },
    { name = "six" },
]
sdist = { url = "https://files.pythonhosted.org/packages/fa/eb/ad89500f4cee83187596e07f43ad561f293e8e6e96996005c3319653b89f/sphinxcontrib-napoleon-0.7.tar.gz", hash = "sha256:407382beed396e9f2d7f3043fad6afda95719204a1e1a231ac865f40abcbfcf8", size = 21232, upload-time = "2018-09-23T14:16:47.272Z" }
wheels = [
    { url = "https://files.pythonhosted.org/packages/75/f2/6b7627dfe7b4e418e295e254bb15c3a6455f11f8c0ad0d43113f678049c3/sphinxcontrib_napoleon-0.7-py2.py3-none-any.whl", hash = "sha256:711e41a3974bdf110a484aec4c1a556799eb0b3f3b897521a018ad7e2db13fef", size = 17151, upload-time = "2018-09-23T14:16:45.548Z" },
]

[[package]]
name = "ty-extensions"
version = "0.1.0"
source = { registry = "https://pypi.org/simple" }
sdist = { url = "https://files.pythonhosted.org/packages/80/08/de6357caa6dcd5aba4d0fdcb81736522ffdf1059af52db0f259eaa229a05/ty_extensions-0.1.0.tar.gz", hash = "sha256:c5a841b6f00656b1222cc3f4e626b54941fd857f1be4fd569d220070f0d73c79", size = 917, upload-time = "2025-05-02T20:06:21.035Z" }
wheels = [
    { url = "https://files.pythonhosted.org/packages/1a/b9/6e33e87aaa8e4b7fbd91f83cbccc2c162dd9e0349de43912b3e4b8eff31b/ty_extensions-0.1.0-py3-none-any.whl", hash = "sha256:0099ad2bf10eb23931c2fe586820c7fca0b1d2cb22499c6158b2fe409a24a1c9", size = 1274, upload-time = "2025-05-02T20:06:20.031Z" },
]

[[package]]
name = "xxhash"
version = "3.5.0"
source = { registry = "https://pypi.org/simple" }
sdist = { url = "https://files.pythonhosted.org/packages/00/5e/d6e5258d69df8b4ed8c83b6664f2b47d30d2dec551a29ad72a6c69eafd31/xxhash-3.5.0.tar.gz", hash = "sha256:84f2caddf951c9cbf8dc2e22a89d4ccf5d86391ac6418fe81e3c67d0cf60b45f", size = 84241, upload-time = "2024-08-17T09:20:38.972Z" }
wheels = [
    { url = "https://files.pythonhosted.org/packages/c9/b8/e4b3ad92d249be5c83fa72916c9091b0965cb0faeff05d9a0a3870ae6bff/xxhash-3.5.0-cp313-cp313-macosx_10_13_x86_64.whl", hash = "sha256:37889a0d13b0b7d739cfc128b1c902f04e32de17b33d74b637ad42f1c55101f6", size = 31795, upload-time = "2024-08-17T09:18:46.813Z" },
    { url = "https://files.pythonhosted.org/packages/fc/d8/b3627a0aebfbfa4c12a41e22af3742cf08c8ea84f5cc3367b5de2d039cce/xxhash-3.5.0-cp313-cp313-macosx_11_0_arm64.whl", hash = "sha256:97a662338797c660178e682f3bc180277b9569a59abfb5925e8620fba00b9fc5", size = 30792, upload-time = "2024-08-17T09:18:47.862Z" },
    { url = "https://files.pythonhosted.org/packages/c3/cc/762312960691da989c7cd0545cb120ba2a4148741c6ba458aa723c00a3f8/xxhash-3.5.0-cp313-cp313-manylinux_2_17_aarch64.manylinux2014_aarch64.whl", hash = "sha256:7f85e0108d51092bdda90672476c7d909c04ada6923c14ff9d913c4f7dc8a3bc", size = 220950, upload-time = "2024-08-17T09:18:49.06Z" },
    { url = "https://files.pythonhosted.org/packages/fe/e9/cc266f1042c3c13750e86a535496b58beb12bf8c50a915c336136f6168dc/xxhash-3.5.0-cp313-cp313-manylinux_2_17_ppc64le.manylinux2014_ppc64le.whl", hash = "sha256:cd2fd827b0ba763ac919440042302315c564fdb797294d86e8cdd4578e3bc7f3", size = 199980, upload-time = "2024-08-17T09:18:50.445Z" },
    { url = "https://files.pythonhosted.org/packages/bf/85/a836cd0dc5cc20376de26b346858d0ac9656f8f730998ca4324921a010b9/xxhash-3.5.0-cp313-cp313-manylinux_2_17_s390x.manylinux2014_s390x.whl", hash = "sha256:82085c2abec437abebf457c1d12fccb30cc8b3774a0814872511f0f0562c768c", size = 428324, upload-time = "2024-08-17T09:18:51.988Z" },
    { url = "https://files.pythonhosted.org/packages/b4/0e/15c243775342ce840b9ba34aceace06a1148fa1630cd8ca269e3223987f5/xxhash-3.5.0-cp313-cp313-manylinux_2_17_x86_64.manylinux2014_x86_64.whl", hash = "sha256:07fda5de378626e502b42b311b049848c2ef38784d0d67b6f30bb5008642f8eb", size = 194370, upload-time = "2024-08-17T09:18:54.164Z" },
    { url = "https://files.pythonhosted.org/packages/87/a1/b028bb02636dfdc190da01951d0703b3d904301ed0ef6094d948983bef0e/xxhash-3.5.0-cp313-cp313-manylinux_2_5_i686.manylinux1_i686.manylinux_2_17_i686.manylinux2014_i686.whl", hash = "sha256:c279f0d2b34ef15f922b77966640ade58b4ccdfef1c4d94b20f2a364617a493f", size = 207911, upload-time = "2024-08-17T09:18:55.509Z" },
    { url = "https://files.pythonhosted.org/packages/80/d5/73c73b03fc0ac73dacf069fdf6036c9abad82de0a47549e9912c955ab449/xxhash-3.5.0-cp313-cp313-musllinux_1_2_aarch64.whl", hash = "sha256:89e66ceed67b213dec5a773e2f7a9e8c58f64daeb38c7859d8815d2c89f39ad7", size = 216352, upload-time = "2024-08-17T09:18:57.073Z" },
    { url = "https://files.pythonhosted.org/packages/b6/2a/5043dba5ddbe35b4fe6ea0a111280ad9c3d4ba477dd0f2d1fe1129bda9d0/xxhash-3.5.0-cp313-cp313-musllinux_1_2_i686.whl", hash = "sha256:bcd51708a633410737111e998ceb3b45d3dbc98c0931f743d9bb0a209033a326", size = 203410, upload-time = "2024-08-17T09:18:58.54Z" },
    { url = "https://files.pythonhosted.org/packages/a2/b2/9a8ded888b7b190aed75b484eb5c853ddd48aa2896e7b59bbfbce442f0a1/xxhash-3.5.0-cp313-cp313-musllinux_1_2_ppc64le.whl", hash = "sha256:3ff2c0a34eae7df88c868be53a8dd56fbdf592109e21d4bfa092a27b0bf4a7bf", size = 210322, upload-time = "2024-08-17T09:18:59.943Z" },
    { url = "https://files.pythonhosted.org/packages/98/62/440083fafbc917bf3e4b67c2ade621920dd905517e85631c10aac955c1d2/xxhash-3.5.0-cp313-cp313-musllinux_1_2_s390x.whl", hash = "sha256:4e28503dccc7d32e0b9817aa0cbfc1f45f563b2c995b7a66c4c8a0d232e840c7", size = 414725, upload-time = "2024-08-17T09:19:01.332Z" },
    { url = "https://files.pythonhosted.org/packages/75/db/009206f7076ad60a517e016bb0058381d96a007ce3f79fa91d3010f49cc2/xxhash-3.5.0-cp313-cp313-musllinux_1_2_x86_64.whl", hash = "sha256:a6c50017518329ed65a9e4829154626f008916d36295b6a3ba336e2458824c8c", size = 192070, upload-time = "2024-08-17T09:19:03.007Z" },
    { url = "https://files.pythonhosted.org/packages/1f/6d/c61e0668943a034abc3a569cdc5aeae37d686d9da7e39cf2ed621d533e36/xxhash-3.5.0-cp313-cp313-win32.whl", hash = "sha256:53a068fe70301ec30d868ece566ac90d873e3bb059cf83c32e76012c889b8637", size = 30172, upload-time = "2024-08-17T09:19:04.355Z" },
    { url = "https://files.pythonhosted.org/packages/96/14/8416dce965f35e3d24722cdf79361ae154fa23e2ab730e5323aa98d7919e/xxhash-3.5.0-cp313-cp313-win_amd64.whl", hash = "sha256:80babcc30e7a1a484eab952d76a4f4673ff601f54d5142c26826502740e70b43", size = 30041, upload-time = "2024-08-17T09:19:05.435Z" },
    { url = "https://files.pythonhosted.org/packages/27/ee/518b72faa2073f5aa8e3262408d284892cb79cf2754ba0c3a5870645ef73/xxhash-3.5.0-cp313-cp313-win_arm64.whl", hash = "sha256:4811336f1ce11cac89dcbd18f3a25c527c16311709a89313c3acaf771def2d4b", size = 26801, upload-time = "2024-08-17T09:19:06.547Z" },
]
